// !$*UTF8*$!
{
	archiveVersion = 1;
	classes = {
	};
	objectVersion = 51;
	objects = {

/* Begin PBXBuildFile section */
		720DF0279A3AB5FE4942C411 /* Pods_ShakeApp.framework in Frameworks */ = {isa = PBXBuildFile; fileRef = C7E3EFCC486FB5DC503D81B5 /* Pods_ShakeApp.framework */; };
		BF90260F274911D500F521AA /* AnswerData.swift in Sources */ = {isa = PBXBuildFile; fileRef = BF90260C274911D500F521AA /* AnswerData.swift */; };
		BF902610274911D500F521AA /* PresentableAnswerData.swift in Sources */ = {isa = PBXBuildFile; fileRef = BF90260D274911D500F521AA /* PresentableAnswerData.swift */; };
		BF902611274911D500F521AA /* ManagedAnswerData.swift in Sources */ = {isa = PBXBuildFile; fileRef = BF90260E274911D500F521AA /* ManagedAnswerData.swift */; };
		BF902613274939DE00F521AA /* ManagedSettingsData.swift in Sources */ = {isa = PBXBuildFile; fileRef = BF902612274939DE00F521AA /* ManagedSettingsData.swift */; };
		BFD6A75F2756AF01004A618B /* SATabBarController.swift in Sources */ = {isa = PBXBuildFile; fileRef = BFD6A75D2756AF01004A618B /* SATabBarController.swift */; };
		BFD6A7602756AF01004A618B /* SATabBarConstructor.swift in Sources */ = {isa = PBXBuildFile; fileRef = BFD6A75E2756AF01004A618B /* SATabBarConstructor.swift */; };
		BFD6A7642756D8CA004A618B /* ManagedHistoryData.swift in Sources */ = {isa = PBXBuildFile; fileRef = BFD6A7632756D8CA004A618B /* ManagedHistoryData.swift */; };
		BFD6A7662756D8E2004A618B /* HistoryData.swift in Sources */ = {isa = PBXBuildFile; fileRef = BFD6A7652756D8E2004A618B /* HistoryData.swift */; };
		BFD6A7682756D8FC004A618B /* PresentableHistoryData.swift in Sources */ = {isa = PBXBuildFile; fileRef = BFD6A7672756D8FC004A618B /* PresentableHistoryData.swift */; };
		BFF9B3422720AB4C000CFC18 /* AppDelegate.swift in Sources */ = {isa = PBXBuildFile; fileRef = BFF9B3412720AB4C000CFC18 /* AppDelegate.swift */; };
		BFF9B3442720AB4C000CFC18 /* SceneDelegate.swift in Sources */ = {isa = PBXBuildFile; fileRef = BFF9B3432720AB4C000CFC18 /* SceneDelegate.swift */; };
		BFF9B34B2720AB4D000CFC18 /* Assets.xcassets in Resources */ = {isa = PBXBuildFile; fileRef = BFF9B34A2720AB4D000CFC18 /* Assets.xcassets */; };
		BFF9B34E2720AB4D000CFC18 /* LaunchScreen.storyboard in Resources */ = {isa = PBXBuildFile; fileRef = BFF9B34C2720AB4D000CFC18 /* LaunchScreen.storyboard */; };
		BFF9B3562720AD86000CFC18 /* MainViewController.swift in Sources */ = {isa = PBXBuildFile; fileRef = BFF9B3552720AD86000CFC18 /* MainViewController.swift */; };
		BFF9B3582720ADBB000CFC18 /* SettingsViewController.swift in Sources */ = {isa = PBXBuildFile; fileRef = BFF9B3572720ADBB000CFC18 /* SettingsViewController.swift */; };
		BFF9B35A2721AA18000CFC18 /* NetworkService.swift in Sources */ = {isa = PBXBuildFile; fileRef = BFF9B3592721AA18000CFC18 /* NetworkService.swift */; };
		BFF9B3602739C0A3000CFC18 /* StorageService.swift in Sources */ = {isa = PBXBuildFile; fileRef = BFF9B35F2739C0A3000CFC18 /* StorageService.swift */; };
		BFF9B36A2740832D000CFC18 /* Colors.xcassets in Resources */ = {isa = PBXBuildFile; fileRef = BFF9B3692740832D000CFC18 /* Colors.xcassets */; };
		BFF9B36C2740836A000CFC18 /* XCAssets+Generated.swift in Sources */ = {isa = PBXBuildFile; fileRef = BFF9B36B2740836A000CFC18 /* XCAssets+Generated.swift */; };
		BFF9B37227408967000CFC18 /* Strings+Generated.swift in Sources */ = {isa = PBXBuildFile; fileRef = BFF9B37127408967000CFC18 /* Strings+Generated.swift */; };
		BFF9B3832741397F000CFC18 /* Localizable.strings in Resources */ = {isa = PBXBuildFile; fileRef = BFF9B3812741397F000CFC18 /* Localizable.strings */; };
		BFF9B38F27419D33000CFC18 /* MainModel.swift in Sources */ = {isa = PBXBuildFile; fileRef = BFF9B38E27419D33000CFC18 /* MainModel.swift */; };
		BFF9B39127419D94000CFC18 /* MainViewModel.swift in Sources */ = {isa = PBXBuildFile; fileRef = BFF9B39027419D94000CFC18 /* MainViewModel.swift */; };
		BFF9B39327419DE8000CFC18 /* SettingsModel.swift in Sources */ = {isa = PBXBuildFile; fileRef = BFF9B39227419DE8000CFC18 /* SettingsModel.swift */; };
		BFF9B39527419DFE000CFC18 /* SettingsViewModel.swift in Sources */ = {isa = PBXBuildFile; fileRef = BFF9B39427419DFE000CFC18 /* SettingsViewModel.swift */; };
		BFF9B3992741B8A5000CFC18 /* SettingsData.swift in Sources */ = {isa = PBXBuildFile; fileRef = BFF9B3982741B8A5000CFC18 /* SettingsData.swift */; };
		BFF9B39B2741B8BC000CFC18 /* PresentableSettingsData.swift in Sources */ = {isa = PBXBuildFile; fileRef = BFF9B39A2741B8BC000CFC18 /* PresentableSettingsData.swift */; };
/* End PBXBuildFile section */

/* Begin PBXFileReference section */
		1C53E81D24D530C9AD46A729 /* Pods-ShakeApp.debug.xcconfig */ = {isa = PBXFileReference; includeInIndex = 1; lastKnownFileType = text.xcconfig; name = "Pods-ShakeApp.debug.xcconfig"; path = "Target Support Files/Pods-ShakeApp/Pods-ShakeApp.debug.xcconfig"; sourceTree = "<group>"; };
		480B029340FF6AAA800CE14A /* Pods-ShakeApp.release.xcconfig */ = {isa = PBXFileReference; includeInIndex = 1; lastKnownFileType = text.xcconfig; name = "Pods-ShakeApp.release.xcconfig"; path = "Target Support Files/Pods-ShakeApp/Pods-ShakeApp.release.xcconfig"; sourceTree = "<group>"; };
		BF90260C274911D500F521AA /* AnswerData.swift */ = {isa = PBXFileReference; fileEncoding = 4; lastKnownFileType = sourcecode.swift; path = AnswerData.swift; sourceTree = "<group>"; };
		BF90260D274911D500F521AA /* PresentableAnswerData.swift */ = {isa = PBXFileReference; fileEncoding = 4; lastKnownFileType = sourcecode.swift; path = PresentableAnswerData.swift; sourceTree = "<group>"; };
		BF90260E274911D500F521AA /* ManagedAnswerData.swift */ = {isa = PBXFileReference; fileEncoding = 4; lastKnownFileType = sourcecode.swift; path = ManagedAnswerData.swift; sourceTree = "<group>"; };
		BF902612274939DE00F521AA /* ManagedSettingsData.swift */ = {isa = PBXFileReference; lastKnownFileType = sourcecode.swift; path = ManagedSettingsData.swift; sourceTree = "<group>"; };
		BFD6A75D2756AF01004A618B /* SATabBarController.swift */ = {isa = PBXFileReference; fileEncoding = 4; lastKnownFileType = sourcecode.swift; path = SATabBarController.swift; sourceTree = "<group>"; };
		BFD6A75E2756AF01004A618B /* SATabBarConstructor.swift */ = {isa = PBXFileReference; fileEncoding = 4; lastKnownFileType = sourcecode.swift; path = SATabBarConstructor.swift; sourceTree = "<group>"; };
		BFD6A7612756D46F004A618B /* en */ = {isa = PBXFileReference; lastKnownFileType = text.plist.strings; name = en; path = en.lproj/Localizable.strings; sourceTree = "<group>"; };
		BFD6A7632756D8CA004A618B /* ManagedHistoryData.swift */ = {isa = PBXFileReference; lastKnownFileType = sourcecode.swift; path = ManagedHistoryData.swift; sourceTree = "<group>"; };
		BFD6A7652756D8E2004A618B /* HistoryData.swift */ = {isa = PBXFileReference; lastKnownFileType = sourcecode.swift; path = HistoryData.swift; sourceTree = "<group>"; };
		BFD6A7672756D8FC004A618B /* PresentableHistoryData.swift */ = {isa = PBXFileReference; lastKnownFileType = sourcecode.swift; path = PresentableHistoryData.swift; sourceTree = "<group>"; };
		BFF9B33E2720AB4C000CFC18 /* ShakeApp.app */ = {isa = PBXFileReference; explicitFileType = wrapper.application; includeInIndex = 0; path = ShakeApp.app; sourceTree = BUILT_PRODUCTS_DIR; };
		BFF9B3412720AB4C000CFC18 /* AppDelegate.swift */ = {isa = PBXFileReference; lastKnownFileType = sourcecode.swift; path = AppDelegate.swift; sourceTree = "<group>"; };
		BFF9B3432720AB4C000CFC18 /* SceneDelegate.swift */ = {isa = PBXFileReference; lastKnownFileType = sourcecode.swift; path = SceneDelegate.swift; sourceTree = "<group>"; };
		BFF9B34A2720AB4D000CFC18 /* Assets.xcassets */ = {isa = PBXFileReference; lastKnownFileType = folder.assetcatalog; path = Assets.xcassets; sourceTree = "<group>"; };
		BFF9B34D2720AB4D000CFC18 /* Base */ = {isa = PBXFileReference; lastKnownFileType = file.storyboard; name = Base; path = Base.lproj/LaunchScreen.storyboard; sourceTree = "<group>"; };
		BFF9B3552720AD86000CFC18 /* MainViewController.swift */ = {isa = PBXFileReference; lastKnownFileType = sourcecode.swift; path = MainViewController.swift; sourceTree = "<group>"; };
		BFF9B3572720ADBB000CFC18 /* SettingsViewController.swift */ = {isa = PBXFileReference; lastKnownFileType = sourcecode.swift; path = SettingsViewController.swift; sourceTree = "<group>"; };
		BFF9B3592721AA18000CFC18 /* NetworkService.swift */ = {isa = PBXFileReference; lastKnownFileType = sourcecode.swift; path = NetworkService.swift; sourceTree = "<group>"; };
		BFF9B35F2739C0A3000CFC18 /* StorageService.swift */ = {isa = PBXFileReference; lastKnownFileType = sourcecode.swift; path = StorageService.swift; sourceTree = "<group>"; };
		BFF9B3692740832D000CFC18 /* Colors.xcassets */ = {isa = PBXFileReference; lastKnownFileType = folder.assetcatalog; path = Colors.xcassets; sourceTree = "<group>"; };
		BFF9B36B2740836A000CFC18 /* XCAssets+Generated.swift */ = {isa = PBXFileReference; fileEncoding = 4; lastKnownFileType = sourcecode.swift; path = "XCAssets+Generated.swift"; sourceTree = SOURCE_ROOT; };
		BFF9B37127408967000CFC18 /* Strings+Generated.swift */ = {isa = PBXFileReference; fileEncoding = 4; lastKnownFileType = sourcecode.swift; path = "Strings+Generated.swift"; sourceTree = SOURCE_ROOT; };
		BFF9B3822741397F000CFC18 /* Base */ = {isa = PBXFileReference; lastKnownFileType = text.plist.strings; name = Base; path = Base.lproj/Localizable.strings; sourceTree = "<group>"; };
		BFF9B38E27419D33000CFC18 /* MainModel.swift */ = {isa = PBXFileReference; lastKnownFileType = sourcecode.swift; path = MainModel.swift; sourceTree = "<group>"; };
		BFF9B39027419D94000CFC18 /* MainViewModel.swift */ = {isa = PBXFileReference; lastKnownFileType = sourcecode.swift; path = MainViewModel.swift; sourceTree = "<group>"; };
		BFF9B39227419DE8000CFC18 /* SettingsModel.swift */ = {isa = PBXFileReference; lastKnownFileType = sourcecode.swift; path = SettingsModel.swift; sourceTree = "<group>"; };
		BFF9B39427419DFE000CFC18 /* SettingsViewModel.swift */ = {isa = PBXFileReference; lastKnownFileType = sourcecode.swift; path = SettingsViewModel.swift; sourceTree = "<group>"; };
		BFF9B3982741B8A5000CFC18 /* SettingsData.swift */ = {isa = PBXFileReference; lastKnownFileType = sourcecode.swift; path = SettingsData.swift; sourceTree = "<group>"; };
		BFF9B39A2741B8BC000CFC18 /* PresentableSettingsData.swift */ = {isa = PBXFileReference; lastKnownFileType = sourcecode.swift; path = PresentableSettingsData.swift; sourceTree = "<group>"; };
		C7E3EFCC486FB5DC503D81B5 /* Pods_ShakeApp.framework */ = {isa = PBXFileReference; explicitFileType = wrapper.framework; includeInIndex = 0; path = Pods_ShakeApp.framework; sourceTree = BUILT_PRODUCTS_DIR; };
/* End PBXFileReference section */

/* Begin PBXFrameworksBuildPhase section */
		BFF9B33B2720AB4C000CFC18 /* Frameworks */ = {
			isa = PBXFrameworksBuildPhase;
			buildActionMask = 2147483647;
			files = (
				720DF0279A3AB5FE4942C411 /* Pods_ShakeApp.framework in Frameworks */,
			);
			runOnlyForDeploymentPostprocessing = 0;
		};
/* End PBXFrameworksBuildPhase section */

/* Begin PBXGroup section */
		970F69ADAA0803D12C742E94 /* Frameworks */ = {
			isa = PBXGroup;
			children = (
				C7E3EFCC486FB5DC503D81B5 /* Pods_ShakeApp.framework */,
			);
			name = Frameworks;
			sourceTree = "<group>";
		};
		B99DBC0595D7F740F350B87B /* Pods */ = {
			isa = PBXGroup;
			children = (
				1C53E81D24D530C9AD46A729 /* Pods-ShakeApp.debug.xcconfig */,
				480B029340FF6AAA800CE14A /* Pods-ShakeApp.release.xcconfig */,
			);
			path = Pods;
			sourceTree = "<group>";
		};
		BF90260B274911D500F521AA /* Answer */ = {
			isa = PBXGroup;
			children = (
				BF90260C274911D500F521AA /* AnswerData.swift */,
				BF90260D274911D500F521AA /* PresentableAnswerData.swift */,
				BF90260E274911D500F521AA /* ManagedAnswerData.swift */,
			);
			path = Answer;
			sourceTree = "<group>";
		};
		BF902614274939EA00F521AA /* Settings */ = {
			isa = PBXGroup;
			children = (
				BFF9B3982741B8A5000CFC18 /* SettingsData.swift */,
				BFF9B39A2741B8BC000CFC18 /* PresentableSettingsData.swift */,
				BF902612274939DE00F521AA /* ManagedSettingsData.swift */,
			);
			path = Settings;
			sourceTree = "<group>";
		};
		BF9026152749492000F521AA /* Source */ = {
			isa = PBXGroup;
			children = (
				BFD6A75B2756AE96004A618B /* Custom */,
				BFD6A75A2756AE6F004A618B /* Application */,
				BFF9B37A27413399000CFC18 /* Data */,
				BFF9B3792741336F000CFC18 /* Services */,
				BFF9B37827413308000CFC18 /* Scenes */,
			);
			path = Source;
			sourceTree = "<group>";
		};
		BFD6A75A2756AE6F004A618B /* Application */ = {
			isa = PBXGroup;
			children = (
				BFF9B3412720AB4C000CFC18 /* AppDelegate.swift */,
				BFF9B3432720AB4C000CFC18 /* SceneDelegate.swift */,
			);
			path = Application;
			sourceTree = "<group>";
		};
		BFD6A75B2756AE96004A618B /* Custom */ = {
			isa = PBXGroup;
			children = (
				BFD6A75C2756AEB8004A618B /* TabBar */,
			);
			path = Custom;
			sourceTree = "<group>";
		};
		BFD6A75C2756AEB8004A618B /* TabBar */ = {
			isa = PBXGroup;
			children = (
				BFD6A75E2756AF01004A618B /* SATabBarConstructor.swift */,
				BFD6A75D2756AF01004A618B /* SATabBarController.swift */,
			);
			path = TabBar;
			sourceTree = "<group>";
		};
		BFD6A7622756D858004A618B /* History */ = {
			isa = PBXGroup;
			children = (
				BFD6A7632756D8CA004A618B /* ManagedHistoryData.swift */,
				BFD6A7652756D8E2004A618B /* HistoryData.swift */,
				BFD6A7672756D8FC004A618B /* PresentableHistoryData.swift */,
			);
			path = History;
			sourceTree = "<group>";
		};
		BFD6A7692756DC8D004A618B /* History */ = {
			isa = PBXGroup;
			children = (
				BFD6A76C2756DCBE004A618B /* ViewModel */,
				BFD6A76B2756DCB1004A618B /* View */,
				BFD6A76A2756DCA6004A618B /* Model */,
			);
			path = History;
			sourceTree = "<group>";
		};
		BFD6A76A2756DCA6004A618B /* Model */ = {
			isa = PBXGroup;
			children = (
			);
			path = Model;
			sourceTree = "<group>";
		};
		BFD6A76B2756DCB1004A618B /* View */ = {
			isa = PBXGroup;
			children = (
			);
			path = View;
			sourceTree = "<group>";
		};
		BFD6A76C2756DCBE004A618B /* ViewModel */ = {
			isa = PBXGroup;
			children = (
			);
			path = ViewModel;
			sourceTree = "<group>";
		};
		BFF9B3352720AB4C000CFC18 = {
			isa = PBXGroup;
			children = (
				BFF9B3402720AB4C000CFC18 /* ShakeApp */,
				BFF9B33F2720AB4C000CFC18 /* Products */,
				B99DBC0595D7F740F350B87B /* Pods */,
				970F69ADAA0803D12C742E94 /* Frameworks */,
			);
			sourceTree = "<group>";
		};
		BFF9B33F2720AB4C000CFC18 /* Products */ = {
			isa = PBXGroup;
			children = (
				BFF9B33E2720AB4C000CFC18 /* ShakeApp.app */,
			);
			name = Products;
			sourceTree = "<group>";
		};
		BFF9B3402720AB4C000CFC18 /* ShakeApp */ = {
			isa = PBXGroup;
			children = (
				BF9026152749492000F521AA /* Source */,
				BFF9B373274130BC000CFC18 /* Resources */,
			);
			path = ShakeApp;
			sourceTree = "<group>";
		};
		BFF9B373274130BC000CFC18 /* Resources */ = {
			isa = PBXGroup;
			children = (
				BFF9B3812741397F000CFC18 /* Localizable.strings */,
				BFF9B36B2740836A000CFC18 /* XCAssets+Generated.swift */,
				BFF9B37127408967000CFC18 /* Strings+Generated.swift */,
				BFF9B34C2720AB4D000CFC18 /* LaunchScreen.storyboard */,
				BFF9B34A2720AB4D000CFC18 /* Assets.xcassets */,
				BFF9B3692740832D000CFC18 /* Colors.xcassets */,
			);
			path = Resources;
			sourceTree = "<group>";
		};
		BFF9B37827413308000CFC18 /* Scenes */ = {
			isa = PBXGroup;
			children = (
				BFD6A7692756DC8D004A618B /* History */,
				BFF9B38627419851000CFC18 /* Main */,
				BFF9B38A27419BBE000CFC18 /* Settings */,
			);
			path = Scenes;
			sourceTree = "<group>";
		};
		BFF9B3792741336F000CFC18 /* Services */ = {
			isa = PBXGroup;
			children = (
				BFF9B3592721AA18000CFC18 /* NetworkService.swift */,
				BFF9B35F2739C0A3000CFC18 /* StorageService.swift */,
			);
			path = Services;
			sourceTree = "<group>";
		};
		BFF9B37A27413399000CFC18 /* Data */ = {
			isa = PBXGroup;
			children = (
				BFD6A7622756D858004A618B /* History */,
				BF90260B274911D500F521AA /* Answer */,
				BF902614274939EA00F521AA /* Settings */,
			);
			path = Data;
			sourceTree = "<group>";
		};
		BFF9B38627419851000CFC18 /* Main */ = {
			isa = PBXGroup;
			children = (
				BFF9B38727419883000CFC18 /* Model */,
				BFF9B3882741989C000CFC18 /* ViewModel */,
				BFF9B38927419B92000CFC18 /* View */,
			);
			path = Main;
			sourceTree = "<group>";
		};
		BFF9B38727419883000CFC18 /* Model */ = {
			isa = PBXGroup;
			children = (
				BFF9B38E27419D33000CFC18 /* MainModel.swift */,
			);
			path = Model;
			sourceTree = "<group>";
		};
		BFF9B3882741989C000CFC18 /* ViewModel */ = {
			isa = PBXGroup;
			children = (
				BFF9B39027419D94000CFC18 /* MainViewModel.swift */,
			);
			path = ViewModel;
			sourceTree = "<group>";
		};
		BFF9B38927419B92000CFC18 /* View */ = {
			isa = PBXGroup;
			children = (
				BFF9B3552720AD86000CFC18 /* MainViewController.swift */,
			);
			path = View;
			sourceTree = "<group>";
		};
		BFF9B38A27419BBE000CFC18 /* Settings */ = {
			isa = PBXGroup;
			children = (
				BFF9B38D27419BF7000CFC18 /* Model */,
				BFF9B38C27419BE9000CFC18 /* ViewModel */,
				BFF9B38B27419BDD000CFC18 /* View */,
			);
			path = Settings;
			sourceTree = "<group>";
		};
		BFF9B38B27419BDD000CFC18 /* View */ = {
			isa = PBXGroup;
			children = (
				BFF9B3572720ADBB000CFC18 /* SettingsViewController.swift */,
			);
			path = View;
			sourceTree = "<group>";
		};
		BFF9B38C27419BE9000CFC18 /* ViewModel */ = {
			isa = PBXGroup;
			children = (
				BFF9B39427419DFE000CFC18 /* SettingsViewModel.swift */,
			);
			path = ViewModel;
			sourceTree = "<group>";
		};
		BFF9B38D27419BF7000CFC18 /* Model */ = {
			isa = PBXGroup;
			children = (
				BFF9B39227419DE8000CFC18 /* SettingsModel.swift */,
			);
			path = Model;
			sourceTree = "<group>";
		};
/* End PBXGroup section */

/* Begin PBXNativeTarget section */
		BFF9B33D2720AB4C000CFC18 /* ShakeApp */ = {
			isa = PBXNativeTarget;
			buildConfigurationList = BFF9B3522720AB4D000CFC18 /* Build configuration list for PBXNativeTarget "ShakeApp" */;
			buildPhases = (
				7A86ED848731189C8347F4F1 /* [CP] Check Pods Manifest.lock */,
				BFF9B36427407736000CFC18 /* Swift Gen */,
				BFF9B3612740549F000CFC18 /* Swift Lint */,
				BFF9B33A2720AB4C000CFC18 /* Sources */,
				BFF9B33B2720AB4C000CFC18 /* Frameworks */,
				BFF9B33C2720AB4C000CFC18 /* Resources */,
				A8AAD8743CDAF075D837AE47 /* [CP] Embed Pods Frameworks */,
			);
			buildRules = (
			);
			dependencies = (
			);
			name = ShakeApp;
			productName = ShakeApp;
			productReference = BFF9B33E2720AB4C000CFC18 /* ShakeApp.app */;
			productType = "com.apple.product-type.application";
		};
/* End PBXNativeTarget section */

/* Begin PBXProject section */
		BFF9B3362720AB4C000CFC18 /* Project object */ = {
			isa = PBXProject;
			attributes = {
				LastSwiftUpdateCheck = 1250;
				LastUpgradeCheck = 1250;
				TargetAttributes = {
					BFF9B33D2720AB4C000CFC18 = {
						CreatedOnToolsVersion = 12.5.1;
					};
				};
			};
			buildConfigurationList = BFF9B3392720AB4C000CFC18 /* Build configuration list for PBXProject "ShakeApp" */;
			compatibilityVersion = "Xcode 9.3";
			developmentRegion = en;
			hasScannedForEncodings = 0;
			knownRegions = (
				en,
				Base,
			);
			mainGroup = BFF9B3352720AB4C000CFC18;
			productRefGroup = BFF9B33F2720AB4C000CFC18 /* Products */;
			projectDirPath = "";
			projectRoot = "";
			targets = (
				BFF9B33D2720AB4C000CFC18 /* ShakeApp */,
			);
		};
/* End PBXProject section */

/* Begin PBXResourcesBuildPhase section */
		BFF9B33C2720AB4C000CFC18 /* Resources */ = {
			isa = PBXResourcesBuildPhase;
			buildActionMask = 2147483647;
			files = (
				BFF9B34E2720AB4D000CFC18 /* LaunchScreen.storyboard in Resources */,
				BFF9B3832741397F000CFC18 /* Localizable.strings in Resources */,
				BFF9B36A2740832D000CFC18 /* Colors.xcassets in Resources */,
				BFF9B34B2720AB4D000CFC18 /* Assets.xcassets in Resources */,
			);
			runOnlyForDeploymentPostprocessing = 0;
		};
/* End PBXResourcesBuildPhase section */

/* Begin PBXShellScriptBuildPhase section */
		7A86ED848731189C8347F4F1 /* [CP] Check Pods Manifest.lock */ = {
			isa = PBXShellScriptBuildPhase;
			buildActionMask = 2147483647;
			files = (
			);
			inputFileListPaths = (
			);
			inputPaths = (
				"${PODS_PODFILE_DIR_PATH}/Podfile.lock",
				"${PODS_ROOT}/Manifest.lock",
			);
			name = "[CP] Check Pods Manifest.lock";
			outputFileListPaths = (
			);
			outputPaths = (
				"$(DERIVED_FILE_DIR)/Pods-ShakeApp-checkManifestLockResult.txt",
			);
			runOnlyForDeploymentPostprocessing = 0;
			shellPath = /bin/sh;
			shellScript = "diff \"${PODS_PODFILE_DIR_PATH}/Podfile.lock\" \"${PODS_ROOT}/Manifest.lock\" > /dev/null\nif [ $? != 0 ] ; then\n    # print error to STDERR\n    echo \"error: The sandbox is not in sync with the Podfile.lock. Run 'pod install' or update your CocoaPods installation.\" >&2\n    exit 1\nfi\n# This output is used by Xcode 'outputs' to avoid re-running this script phase.\necho \"SUCCESS\" > \"${SCRIPT_OUTPUT_FILE_0}\"\n";
			showEnvVarsInLog = 0;
		};
		A8AAD8743CDAF075D837AE47 /* [CP] Embed Pods Frameworks */ = {
			isa = PBXShellScriptBuildPhase;
			buildActionMask = 2147483647;
			files = (
			);
			inputFileListPaths = (
				"${PODS_ROOT}/Target Support Files/Pods-ShakeApp/Pods-ShakeApp-frameworks-${CONFIGURATION}-input-files.xcfilelist",
			);
			name = "[CP] Embed Pods Frameworks";
			outputFileListPaths = (
				"${PODS_ROOT}/Target Support Files/Pods-ShakeApp/Pods-ShakeApp-frameworks-${CONFIGURATION}-output-files.xcfilelist",
			);
			runOnlyForDeploymentPostprocessing = 0;
			shellPath = /bin/sh;
			shellScript = "\"${PODS_ROOT}/Target Support Files/Pods-ShakeApp/Pods-ShakeApp-frameworks.sh\"\n";
			showEnvVarsInLog = 0;
		};
		BFF9B3612740549F000CFC18 /* Swift Lint */ = {
			isa = PBXShellScriptBuildPhase;
			buildActionMask = 2147483647;
			files = (
			);
			inputFileListPaths = (
			);
			inputPaths = (
			);
			name = "Swift Lint";
			outputFileListPaths = (
			);
			outputPaths = (
			);
			runOnlyForDeploymentPostprocessing = 0;
			shellPath = /bin/sh;
			shellScript = "\"${PODS_ROOT}/SwiftLint/swiftlint autocorrect\"\n\"${PODS_ROOT}/SwiftLint/swiftlint\"\n";
		};
		BFF9B36427407736000CFC18 /* Swift Gen */ = {
			isa = PBXShellScriptBuildPhase;
			buildActionMask = 2147483647;
			files = (
			);
			inputFileListPaths = (
			);
			inputPaths = (
			);
			name = "Swift Gen";
			outputFileListPaths = (
			);
			outputPaths = (
			);
			runOnlyForDeploymentPostprocessing = 0;
			shellPath = /bin/sh;
			shellScript = "if [[ -f \"${PODS_ROOT}/SwiftGen/bin/swiftgen\" ]]; then\n  \"${PODS_ROOT}/SwiftGen/bin/swiftgen\"\nelse\n  echo \"warning: SwiftGen is not installed. Run 'pod install --repo-update' to install it.\"\nfi\n";
		};
/* End PBXShellScriptBuildPhase section */

/* Begin PBXSourcesBuildPhase section */
		BFF9B33A2720AB4C000CFC18 /* Sources */ = {
			isa = PBXSourcesBuildPhase;
			buildActionMask = 2147483647;
			files = (
				BF902613274939DE00F521AA /* ManagedSettingsData.swift in Sources */,
				BFF9B39327419DE8000CFC18 /* SettingsModel.swift in Sources */,
				BFF9B35A2721AA18000CFC18 /* NetworkService.swift in Sources */,
				BFF9B3992741B8A5000CFC18 /* SettingsData.swift in Sources */,
				BFF9B3562720AD86000CFC18 /* MainViewController.swift in Sources */,
				BFF9B37227408967000CFC18 /* Strings+Generated.swift in Sources */,
				BFD6A7682756D8FC004A618B /* PresentableHistoryData.swift in Sources */,
				BF902611274911D500F521AA /* ManagedAnswerData.swift in Sources */,
				BF90260F274911D500F521AA /* AnswerData.swift in Sources */,
				BFF9B3422720AB4C000CFC18 /* AppDelegate.swift in Sources */,
				BF902610274911D500F521AA /* PresentableAnswerData.swift in Sources */,
				BFD6A7662756D8E2004A618B /* HistoryData.swift in Sources */,
				BFF9B36C2740836A000CFC18 /* XCAssets+Generated.swift in Sources */,
				BFD6A7642756D8CA004A618B /* ManagedHistoryData.swift in Sources */,
				BFF9B3442720AB4C000CFC18 /* SceneDelegate.swift in Sources */,
				BFF9B39B2741B8BC000CFC18 /* PresentableSettingsData.swift in Sources */,
				BFF9B3582720ADBB000CFC18 /* SettingsViewController.swift in Sources */,
				BFF9B39527419DFE000CFC18 /* SettingsViewModel.swift in Sources */,
				BFD6A75F2756AF01004A618B /* SATabBarController.swift in Sources */,
				BFF9B38F27419D33000CFC18 /* MainModel.swift in Sources */,
				BFF9B3602739C0A3000CFC18 /* StorageService.swift in Sources */,
				BFD6A7602756AF01004A618B /* SATabBarConstructor.swift in Sources */,
				BFF9B39127419D94000CFC18 /* MainViewModel.swift in Sources */,
			);
			runOnlyForDeploymentPostprocessing = 0;
		};
/* End PBXSourcesBuildPhase section */

/* Begin PBXVariantGroup section */
		BFF9B34C2720AB4D000CFC18 /* LaunchScreen.storyboard */ = {
			isa = PBXVariantGroup;
			children = (
				BFF9B34D2720AB4D000CFC18 /* Base */,
			);
			name = LaunchScreen.storyboard;
			sourceTree = "<group>";
		};
		BFF9B3812741397F000CFC18 /* Localizable.strings */ = {
			isa = PBXVariantGroup;
			children = (
				BFF9B3822741397F000CFC18 /* Base */,
				BFD6A7612756D46F004A618B /* en */,
			);
			name = Localizable.strings;
			sourceTree = "<group>";
		};
/* End PBXVariantGroup section */

/* Begin XCBuildConfiguration section */
		BFF9B3502720AB4D000CFC18 /* Debug */ = {
			isa = XCBuildConfiguration;
			buildSettings = {
				ALWAYS_SEARCH_USER_PATHS = NO;
				CLANG_ANALYZER_NONNULL = YES;
				CLANG_ANALYZER_NUMBER_OBJECT_CONVERSION = YES_AGGRESSIVE;
				CLANG_CXX_LANGUAGE_STANDARD = "gnu++14";
				CLANG_CXX_LIBRARY = "libc++";
				CLANG_ENABLE_MODULES = YES;
				CLANG_ENABLE_OBJC_ARC = YES;
				CLANG_ENABLE_OBJC_WEAK = YES;
				CLANG_WARN_BLOCK_CAPTURE_AUTORELEASING = YES;
				CLANG_WARN_BOOL_CONVERSION = YES;
				CLANG_WARN_COMMA = YES;
				CLANG_WARN_CONSTANT_CONVERSION = YES;
				CLANG_WARN_DEPRECATED_OBJC_IMPLEMENTATIONS = YES;
				CLANG_WARN_DIRECT_OBJC_ISA_USAGE = YES_ERROR;
				CLANG_WARN_DOCUMENTATION_COMMENTS = YES;
				CLANG_WARN_EMPTY_BODY = YES;
				CLANG_WARN_ENUM_CONVERSION = YES;
				CLANG_WARN_INFINITE_RECURSION = YES;
				CLANG_WARN_INT_CONVERSION = YES;
				CLANG_WARN_NON_LITERAL_NULL_CONVERSION = YES;
				CLANG_WARN_OBJC_IMPLICIT_RETAIN_SELF = YES;
				CLANG_WARN_OBJC_LITERAL_CONVERSION = YES;
				CLANG_WARN_OBJC_ROOT_CLASS = YES_ERROR;
				CLANG_WARN_QUOTED_INCLUDE_IN_FRAMEWORK_HEADER = YES;
				CLANG_WARN_RANGE_LOOP_ANALYSIS = YES;
				CLANG_WARN_STRICT_PROTOTYPES = YES;
				CLANG_WARN_SUSPICIOUS_MOVE = YES;
				CLANG_WARN_UNGUARDED_AVAILABILITY = YES_AGGRESSIVE;
				CLANG_WARN_UNREACHABLE_CODE = YES;
				CLANG_WARN__DUPLICATE_METHOD_MATCH = YES;
				COPY_PHASE_STRIP = NO;
				DEBUG_INFORMATION_FORMAT = dwarf;
				ENABLE_STRICT_OBJC_MSGSEND = YES;
				ENABLE_TESTABILITY = YES;
				GCC_C_LANGUAGE_STANDARD = gnu11;
				GCC_DYNAMIC_NO_PIC = NO;
				GCC_NO_COMMON_BLOCKS = YES;
				GCC_OPTIMIZATION_LEVEL = 0;
				GCC_PREPROCESSOR_DEFINITIONS = (
					"DEBUG=1",
					"$(inherited)",
				);
				GCC_WARN_64_TO_32_BIT_CONVERSION = YES;
				GCC_WARN_ABOUT_RETURN_TYPE = YES_ERROR;
				GCC_WARN_UNDECLARED_SELECTOR = YES;
				GCC_WARN_UNINITIALIZED_AUTOS = YES_AGGRESSIVE;
				GCC_WARN_UNUSED_FUNCTION = YES;
				GCC_WARN_UNUSED_VARIABLE = YES;
				IPHONEOS_DEPLOYMENT_TARGET = 14.5;
				MTL_ENABLE_DEBUG_INFO = INCLUDE_SOURCE;
				MTL_FAST_MATH = YES;
				ONLY_ACTIVE_ARCH = YES;
				SDKROOT = iphoneos;
				SWIFT_ACTIVE_COMPILATION_CONDITIONS = DEBUG;
				SWIFT_OPTIMIZATION_LEVEL = "-Onone";
			};
			name = Debug;
		};
		BFF9B3512720AB4D000CFC18 /* Release */ = {
			isa = XCBuildConfiguration;
			buildSettings = {
				ALWAYS_SEARCH_USER_PATHS = NO;
				CLANG_ANALYZER_NONNULL = YES;
				CLANG_ANALYZER_NUMBER_OBJECT_CONVERSION = YES_AGGRESSIVE;
				CLANG_CXX_LANGUAGE_STANDARD = "gnu++14";
				CLANG_CXX_LIBRARY = "libc++";
				CLANG_ENABLE_MODULES = YES;
				CLANG_ENABLE_OBJC_ARC = YES;
				CLANG_ENABLE_OBJC_WEAK = YES;
				CLANG_WARN_BLOCK_CAPTURE_AUTORELEASING = YES;
				CLANG_WARN_BOOL_CONVERSION = YES;
				CLANG_WARN_COMMA = YES;
				CLANG_WARN_CONSTANT_CONVERSION = YES;
				CLANG_WARN_DEPRECATED_OBJC_IMPLEMENTATIONS = YES;
				CLANG_WARN_DIRECT_OBJC_ISA_USAGE = YES_ERROR;
				CLANG_WARN_DOCUMENTATION_COMMENTS = YES;
				CLANG_WARN_EMPTY_BODY = YES;
				CLANG_WARN_ENUM_CONVERSION = YES;
				CLANG_WARN_INFINITE_RECURSION = YES;
				CLANG_WARN_INT_CONVERSION = YES;
				CLANG_WARN_NON_LITERAL_NULL_CONVERSION = YES;
				CLANG_WARN_OBJC_IMPLICIT_RETAIN_SELF = YES;
				CLANG_WARN_OBJC_LITERAL_CONVERSION = YES;
				CLANG_WARN_OBJC_ROOT_CLASS = YES_ERROR;
				CLANG_WARN_QUOTED_INCLUDE_IN_FRAMEWORK_HEADER = YES;
				CLANG_WARN_RANGE_LOOP_ANALYSIS = YES;
				CLANG_WARN_STRICT_PROTOTYPES = YES;
				CLANG_WARN_SUSPICIOUS_MOVE = YES;
				CLANG_WARN_UNGUARDED_AVAILABILITY = YES_AGGRESSIVE;
				CLANG_WARN_UNREACHABLE_CODE = YES;
				CLANG_WARN__DUPLICATE_METHOD_MATCH = YES;
				COPY_PHASE_STRIP = NO;
				DEBUG_INFORMATION_FORMAT = "dwarf-with-dsym";
				ENABLE_NS_ASSERTIONS = NO;
				ENABLE_STRICT_OBJC_MSGSEND = YES;
				GCC_C_LANGUAGE_STANDARD = gnu11;
				GCC_NO_COMMON_BLOCKS = YES;
				GCC_WARN_64_TO_32_BIT_CONVERSION = YES;
				GCC_WARN_ABOUT_RETURN_TYPE = YES_ERROR;
				GCC_WARN_UNDECLARED_SELECTOR = YES;
				GCC_WARN_UNINITIALIZED_AUTOS = YES_AGGRESSIVE;
				GCC_WARN_UNUSED_FUNCTION = YES;
				GCC_WARN_UNUSED_VARIABLE = YES;
				IPHONEOS_DEPLOYMENT_TARGET = 14.5;
				MTL_ENABLE_DEBUG_INFO = NO;
				MTL_FAST_MATH = YES;
				SDKROOT = iphoneos;
				SWIFT_COMPILATION_MODE = wholemodule;
				SWIFT_OPTIMIZATION_LEVEL = "-O";
				VALIDATE_PRODUCT = YES;
			};
			name = Release;
		};
		BFF9B3532720AB4D000CFC18 /* Debug */ = {
			isa = XCBuildConfiguration;
			baseConfigurationReference = 1C53E81D24D530C9AD46A729 /* Pods-ShakeApp.debug.xcconfig */;
			buildSettings = {
				ASSETCATALOG_COMPILER_APPICON_NAME = AppIcon;
				ASSETCATALOG_COMPILER_GLOBAL_ACCENT_COLOR_NAME = AccentColor;
				CODE_SIGN_STYLE = Automatic;
				DEVELOPMENT_TEAM = TJD8T4GCDN;
				INFOPLIST_FILE = ShakeApp/Resources/Info.plist;
				IPHONEOS_DEPLOYMENT_TARGET = 13.6;
				LD_RUNPATH_SEARCH_PATHS = (
					"$(inherited)",
					"@executable_path/Frameworks",
				);
				PRODUCT_BUNDLE_IDENTIFIER = "-77.ShakeApp";
				PRODUCT_NAME = "$(TARGET_NAME)";
				SWIFT_VERSION = 5.0;
				TARGETED_DEVICE_FAMILY = 1;
			};
			name = Debug;
		};
		BFF9B3542720AB4D000CFC18 /* Release */ = {
			isa = XCBuildConfiguration;
			baseConfigurationReference = 480B029340FF6AAA800CE14A /* Pods-ShakeApp.release.xcconfig */;
			buildSettings = {
				ASSETCATALOG_COMPILER_APPICON_NAME = AppIcon;
				ASSETCATALOG_COMPILER_GLOBAL_ACCENT_COLOR_NAME = AccentColor;
				CODE_SIGN_STYLE = Automatic;
				DEVELOPMENT_TEAM = TJD8T4GCDN;
				INFOPLIST_FILE = ShakeApp/Resources/Info.plist;
				IPHONEOS_DEPLOYMENT_TARGET = 13.6;
				LD_RUNPATH_SEARCH_PATHS = (
					"$(inherited)",
					"@executable_path/Frameworks",
				);
				PRODUCT_BUNDLE_IDENTIFIER = "-77.ShakeApp";
				PRODUCT_NAME = "$(TARGET_NAME)";
				SWIFT_VERSION = 5.0;
				TARGETED_DEVICE_FAMILY = 1;
			};
			name = Release;
		};
/* End XCBuildConfiguration section */

/* Begin XCConfigurationList section */
		BFF9B3392720AB4C000CFC18 /* Build configuration list for PBXProject "ShakeApp" */ = {
			isa = XCConfigurationList;
			buildConfigurations = (
				BFF9B3502720AB4D000CFC18 /* Debug */,
				BFF9B3512720AB4D000CFC18 /* Release */,
			);
			defaultConfigurationIsVisible = 0;
			defaultConfigurationName = Release;
		};
		BFF9B3522720AB4D000CFC18 /* Build configuration list for PBXNativeTarget "ShakeApp" */ = {
			isa = XCConfigurationList;
			buildConfigurations = (
				BFF9B3532720AB4D000CFC18 /* Debug */,
				BFF9B3542720AB4D000CFC18 /* Release */,
			);
			defaultConfigurationIsVisible = 0;
			defaultConfigurationName = Release;
		};
/* End XCConfigurationList section */
	};
	rootObject = BFF9B3362720AB4C000CFC18 /* Project object */;
}
